
Microsoft Visual Studio Solution File, Format Version 12.00
# Visual Studio Version 16
VisualStudioVersion = 16.0.31605.320
MinimumVisualStudioVersion = 10.0.40219.1
Project("{9A19103F-16F7-4668-BE54-9A1E7A4F7556}") = "RD.SimilarTextsSearcher", "RD.SimilarTextsSearcher\RD.SimilarTextsSearcher.csproj", "{9ACE7FD8-E8DE-4E83-AD9F-048FDB68F8BD}"
EndProject
Project("{9A19103F-16F7-4668-BE54-9A1E7A4F7556}") = "RD.SimilarTextsSearcher.Tests", "RD.SimilarTextsSearcher.Tests\RD.SimilarTextsSearcher.Tests.csproj", "{C0AF7E4D-2EDB-4FDB-ABF6-D2A20B82096C}"
EndProject
Project("{9A19103F-16F7-4668-BE54-9A1E7A4F7556}") = "RD.SimilarTextsSearcher.App", "RD.SimilarTextsSearcher.App\RD.SimilarTextsSearcher.App.csproj", "{451F63A7-865B-48B0-956A-52C524B68808}"
EndProject
Project("{FAE04EC0-301F-11D3-BF4B-00C04F79EFBC}") = "RD.SimilarTextsSearcher.Benchmarks", "RD.SimilarTextsSearcher.Benchmarks\RD.SimilarTextsSearcher.Benchmarks.csproj", "{3162DDAE-77EC-470C-95D4-BAB5E7DEECF1}"
EndProject
Global
	GlobalSection(SolutionConfigurationPlatforms) = preSolution
		Debug|Any CPU = Debug|Any CPU
		Release|Any CPU = Release|Any CPU
	EndGlobalSection
	GlobalSection(ProjectConfigurationPlatforms) = postSolution
		{9ACE7FD8-E8DE-4E83-AD9F-048FDB68F8BD}.Debug|Any CPU.ActiveCfg = Debug|Any CPU
		{9ACE7FD8-E8DE-4E83-AD9F-048FDB68F8BD}.Debug|Any CPU.Build.0 = Debug|Any CPU
		{9ACE7FD8-E8DE-4E83-AD9F-048FDB68F8BD}.Release|Any CPU.ActiveCfg = Release|Any CPU
		{9ACE7FD8-E8DE-4E83-AD9F-048FDB68F8BD}.Release|Any CPU.Build.0 = Release|Any CPU
		{C0AF7E4D-2EDB-4FDB-ABF6-D2A20B82096C}.Debug|Any CPU.ActiveCfg = Debug|Any CPU
		{C0AF7E4D-2EDB-4FDB-ABF6-D2A20B82096C}.Debug|Any CPU.Build.0 = Debug|Any CPU
		{C0AF7E4D-2EDB-4FDB-ABF6-D2A20B82096C}.Release|Any CPU.ActiveCfg = Release|Any CPU
		{C0AF7E4D-2EDB-4FDB-ABF6-D2A20B82096C}.Release|Any CPU.Build.0 = Release|Any CPU
		{451F63A7-865B-48B0-956A-52C524B68808}.Debug|Any CPU.ActiveCfg = Debug|Any CPU
		{451F63A7-865B-48B0-956A-52C524B68808}.Debug|Any CPU.Build.0 = Debug|Any CPU
		{451F63A7-865B-48B0-956A-52C524B68808}.Release|Any CPU.ActiveCfg = Release|Any CPU
		{451F63A7-865B-48B0-956A-52C524B68808}.Release|Any CPU.Build.0 = Release|Any CPU
		{3162DDAE-77EC-470C-95D4-BAB5E7DEECF1}.Debug|Any CPU.ActiveCfg = Debug|Any CPU
		{3162DDAE-77EC-470C-95D4-BAB5E7DEECF1}.Debug|Any CPU.Build.0 = Debug|Any CPU
		{3162DDAE-77EC-470C-95D4-BAB5E7DEECF1}.Release|Any CPU.ActiveCfg = Release|Any CPU
		{3162DDAE-77EC-470C-95D4-BAB5E7DEECF1}.Release|Any CPU.Build.0 = Release|Any CPU
	EndGlobalSection
	GlobalSection(SolutionProperties) = preSolution
		HideSolutionNode = FALSE
	EndGlobalSection
	GlobalSection(ExtensibilityGlobals) = postSolution
		SolutionGuid = {744BE11D-4FB4-4F21-B22C-4F3AE5CB58F3}
	EndGlobalSection
EndGlobal
